dependencies:
- name: podinfo
  repository: https://stefanprodan.github.io/podinfo
  version: 6.9.2
- name: podinfo
  repository: https://stefanprodan.github.io/podinfo
  version: 6.9.2
- name: bb-common
  repository: oci://registry1.dso.mil/bigbang
  version: 0.11.2
digest: sha256:99c536931914867b0ea18aa019326c7a0d1363120c18c7e79f51d890ab149b5b
generated: "2025-12-19T17:27:18.730887736-06:00"
